
Microsoft Visual Studio Solution File, Format Version 12.00
# Visual Studio Version 17
VisualStudioVersion = 17.8.34330.188
MinimumVisualStudioVersion = 10.0.40219.1
Project("{FAE04EC0-301F-11D3-BF4B-00C04F79EFBC}") = "TaskApp.API", "TaskApp.API.csproj", "{0C6D7346-A8A4-4DEF-87E8-C94143EE4551}"
EndProject
Project("{FAE04EC0-301F-11D3-BF4B-00C04F79EFBC}") = "TaskApp.DAL", "..\TaskApp.DAL\TaskApp.DAL.csproj", "{8BDB2337-8422-4E99-B3AE-2231DEF1701F}"
EndProject
Project("{FAE04EC0-301F-11D3-BF4B-00C04F79EFBC}") = "TaskApp.BL", "..\TaskApp.BL\TaskApp.BL.csproj", "{F0685241-46AA-4B3B-BF56-C08250830B0D}"
EndProject
Project("{FAE04EC0-301F-11D3-BF4B-00C04F79EFBC}") = "TaskApp.DTO", "..\TaskApp.DTO\TaskApp.DTO.csproj", "{FAE21BFC-6D97-4310-9DAA-A6E1D8AF3BC1}"
EndProject
Global
	GlobalSection(SolutionConfigurationPlatforms) = preSolution
		Debug|Any CPU = Debug|Any CPU
		Release|Any CPU = Release|Any CPU
	EndGlobalSection
	GlobalSection(ProjectConfigurationPlatforms) = postSolution
		{0C6D7346-A8A4-4DEF-87E8-C94143EE4551}.Debug|Any CPU.ActiveCfg = Debug|Any CPU
		{0C6D7346-A8A4-4DEF-87E8-C94143EE4551}.Debug|Any CPU.Build.0 = Debug|Any CPU
		{0C6D7346-A8A4-4DEF-87E8-C94143EE4551}.Release|Any CPU.ActiveCfg = Release|Any CPU
		{0C6D7346-A8A4-4DEF-87E8-C94143EE4551}.Release|Any CPU.Build.0 = Release|Any CPU
		{8BDB2337-8422-4E99-B3AE-2231DEF1701F}.Debug|Any CPU.ActiveCfg = Debug|Any CPU
		{8BDB2337-8422-4E99-B3AE-2231DEF1701F}.Debug|Any CPU.Build.0 = Debug|Any CPU
		{8BDB2337-8422-4E99-B3AE-2231DEF1701F}.Release|Any CPU.ActiveCfg = Release|Any CPU
		{8BDB2337-8422-4E99-B3AE-2231DEF1701F}.Release|Any CPU.Build.0 = Release|Any CPU
		{F0685241-46AA-4B3B-BF56-C08250830B0D}.Debug|Any CPU.ActiveCfg = Debug|Any CPU
		{F0685241-46AA-4B3B-BF56-C08250830B0D}.Debug|Any CPU.Build.0 = Debug|Any CPU
		{F0685241-46AA-4B3B-BF56-C08250830B0D}.Release|Any CPU.ActiveCfg = Release|Any CPU
		{F0685241-46AA-4B3B-BF56-C08250830B0D}.Release|Any CPU.Build.0 = Release|Any CPU
		{FAE21BFC-6D97-4310-9DAA-A6E1D8AF3BC1}.Debug|Any CPU.ActiveCfg = Debug|Any CPU
		{FAE21BFC-6D97-4310-9DAA-A6E1D8AF3BC1}.Debug|Any CPU.Build.0 = Debug|Any CPU
		{FAE21BFC-6D97-4310-9DAA-A6E1D8AF3BC1}.Release|Any CPU.ActiveCfg = Release|Any CPU
		{FAE21BFC-6D97-4310-9DAA-A6E1D8AF3BC1}.Release|Any CPU.Build.0 = Release|Any CPU
	EndGlobalSection
	GlobalSection(SolutionProperties) = preSolution
		HideSolutionNode = FALSE
	EndGlobalSection
	GlobalSection(ExtensibilityGlobals) = postSolution
		SolutionGuid = {C3D625AB-EC51-47F5-9080-6D9F3F53338D}
	EndGlobalSection
EndGlobal
